// !$*UTF8*$!
{
	archiveVersion = 1;
	classes = {
	};
	objectVersion = 46;
	objects = {

/* Begin PBXBuildFile section */
		791488D214880FBA000653DC /* camera.png in Resources */ = {isa = PBXBuildFile; fileRef = 791488D114880FBA000653DC /* camera.png */; };
		791488D414881061000653DC /* camera.jpeg in Resources */ = {isa = PBXBuildFile; fileRef = 791488D314881061000653DC /* camera.jpeg */; };
		791488DA14882576000653DC /* MobileCoreServices.framework in Frameworks */ = {isa = PBXBuildFile; fileRef = 791488D914882576000653DC /* MobileCoreServices.framework */; };
		791488E114888523000653DC /* GetSetForExerciseFromUserViewController.m in Sources */ = {isa = PBXBuildFile; fileRef = 791488E014888523000653DC /* GetSetForExerciseFromUserViewController.m */; };
		791488EC1489642B000653DC /* ActualWorkout+Create.m in Sources */ = {isa = PBXBuildFile; fileRef = 791488EB1489642A000653DC /* ActualWorkout+Create.m */; };
		791489191489F340000653DC /* Set.m in Sources */ = {isa = PBXBuildFile; fileRef = 791489181489F340000653DC /* Set.m */; };
		7914891C1489F341000653DC /* ActualWorkout.m in Sources */ = {isa = PBXBuildFile; fileRef = 7914891B1489F340000653DC /* ActualWorkout.m */; };
		7914891F1489F341000653DC /* Workout.m in Sources */ = {isa = PBXBuildFile; fileRef = 7914891E1489F341000653DC /* Workout.m */; };
		791489221489F341000653DC /* ImageForWorkout.m in Sources */ = {isa = PBXBuildFile; fileRef = 791489211489F341000653DC /* ImageForWorkout.m */; };
		791489251489F341000653DC /* Exercise.m in Sources */ = {isa = PBXBuildFile; fileRef = 791489241489F341000653DC /* Exercise.m */; };
		79148933148C1703000653DC /* ChooseExerciseToViewPerformanceViewController.m in Sources */ = {isa = PBXBuildFile; fileRef = 79148932148C1702000653DC /* ChooseExerciseToViewPerformanceViewController.m */; };
		79148936148C18B4000653DC /* PlotPerformance.m in Sources */ = {isa = PBXBuildFile; fileRef = 79148935148C18B3000653DC /* PlotPerformance.m */; };
		79148943148C1C0D000653DC /* GraphView.m in Sources */ = {isa = PBXBuildFile; fileRef = 79148942148C1C0C000653DC /* GraphView.m */; };
		79148945148C2826000653DC /* graphBackground.png in Resources */ = {isa = PBXBuildFile; fileRef = 79148944148C2826000653DC /* graphBackground.png */; };
		79148950148D3948000653DC /* ActualWorkout+Performance.m in Sources */ = {isa = PBXBuildFile; fileRef = 7914894F148D3947000653DC /* ActualWorkout+Performance.m */; };
		79376BA2147B7E540059579A /* UIKit.framework in Frameworks */ = {isa = PBXBuildFile; fileRef = 79376BA1147B7E540059579A /* UIKit.framework */; };
		79376BA4147B7E540059579A /* Foundation.framework in Frameworks */ = {isa = PBXBuildFile; fileRef = 79376BA3147B7E540059579A /* Foundation.framework */; };
		79376BA6147B7E540059579A /* CoreGraphics.framework in Frameworks */ = {isa = PBXBuildFile; fileRef = 79376BA5147B7E540059579A /* CoreGraphics.framework */; };
		79376BAC147B7E540059579A /* InfoPlist.strings in Resources */ = {isa = PBXBuildFile; fileRef = 79376BAA147B7E540059579A /* InfoPlist.strings */; };
		79376BAE147B7E540059579A /* main.m in Sources */ = {isa = PBXBuildFile; fileRef = 79376BAD147B7E540059579A /* main.m */; };
		79376BB2147B7E540059579A /* WorkoutPlannerAppDelegate.m in Sources */ = {isa = PBXBuildFile; fileRef = 79376BB1147B7E540059579A /* WorkoutPlannerAppDelegate.m */; };
		79376BB5147B7E540059579A /* MainStoryboard.storyboard in Resources */ = {isa = PBXBuildFile; fileRef = 79376BB3147B7E540059579A /* MainStoryboard.storyboard */; };
		79376BC0147B7E760059579A /* Model.xcdatamodeld in Sources */ = {isa = PBXBuildFile; fileRef = 79376BBE147B7E760059579A /* Model.xcdatamodeld */; };
		79376BC3147CA7710059579A /* WorkoutViewController.m in Sources */ = {isa = PBXBuildFile; fileRef = 79376BC2147CA7710059579A /* WorkoutViewController.m */; };
		79376BE8147CAFE90059579A /* Workout+Create.m in Sources */ = {isa = PBXBuildFile; fileRef = 79376BE7147CAFE90059579A /* Workout+Create.m */; };
		79376BEB147CB0D50059579A /* WorkoutHelper.m in Sources */ = {isa = PBXBuildFile; fileRef = 79376BEA147CB0D50059579A /* WorkoutHelper.m */; };
		79376BED147CB4190059579A /* CoreData.framework in Frameworks */ = {isa = PBXBuildFile; fileRef = 79376BEC147CB4190059579A /* CoreData.framework */; };
		79376BFB147CBFA10059579A /* Exercise+Create.m in Sources */ = {isa = PBXBuildFile; fileRef = 79376BFA147CBFA10059579A /* Exercise+Create.m */; };
		79376C84147E11030059579A /* CoreDataTableViewController.m in Sources */ = {isa = PBXBuildFile; fileRef = 79376C83147E11030059579A /* CoreDataTableViewController.m */; };
		79376C8A147EC9680059579A /* ShowExistingExercisesViewController.m in Sources */ = {isa = PBXBuildFile; fileRef = 79376C89147EC9680059579A /* ShowExistingExercisesViewController.m */; };
		79376C8D147F1F7B0059579A /* CustomButton.m in Sources */ = {isa = PBXBuildFile; fileRef = 79376C8C147F1F7B0059579A /* CustomButton.m */; };
		79376C90147F229E0059579A /* create.jpeg in Resources */ = {isa = PBXBuildFile; fileRef = 79376C8F147F229E0059579A /* create.jpeg */; };
		79376C96147F38110059579A /* AddNewExerciseViewController.m in Sources */ = {isa = PBXBuildFile; fileRef = 79376C95147F38100059579A /* AddNewExerciseViewController.m */; };
		79376CA2148011E80059579A /* minusImage.png in Resources */ = {isa = PBXBuildFile; fileRef = 79376CA1148011E80059579A /* minusImage.png */; };
		79376CA6148013980059579A /* addImage.png in Resources */ = {isa = PBXBuildFile; fileRef = 79376CA5148013980059579A /* addImage.png */; };
		79376CAD148060CF0059579A /* AddNewWorkoutViewController.m in Sources */ = {isa = PBXBuildFile; fileRef = 79376CAC148060CF0059579A /* AddNewWorkoutViewController.m */; };
		79376CB0148071580059579A /* Set+Create.m in Sources */ = {isa = PBXBuildFile; fileRef = 79376CAF148071570059579A /* Set+Create.m */; };
		79376CFB1480A9600059579A /* Workout+Delete.m in Sources */ = {isa = PBXBuildFile; fileRef = 79376CFA1480A9600059579A /* Workout+Delete.m */; };
		79376CFE1481743D0059579A /* ShowExistingWorkout.m in Sources */ = {isa = PBXBuildFile; fileRef = 79376CFD1481743B0059579A /* ShowExistingWorkout.m */; };
		79376D0414819E440059579A /* Exercise+Details.m in Sources */ = {isa = PBXBuildFile; fileRef = 79376D0314819E430059579A /* Exercise+Details.m */; };
		79376D071481B2C50059579A /* Set+Details.m in Sources */ = {isa = PBXBuildFile; fileRef = 79376D061481B2C40059579A /* Set+Details.m */; };
		79376D2214820C820059579A /* ShowExerciseInWorkout.m in Sources */ = {isa = PBXBuildFile; fileRef = 79376D2114820C820059579A /* ShowExerciseInWorkout.m */; };
		79459C7B14848E7400722163 /* Workout+Edit.m in Sources */ = {isa = PBXBuildFile; fileRef = 79459C7A14848E7400722163 /* Workout+Edit.m */; };
		79459C7E14849C1200722163 /* MessageUI.framework in Frameworks */ = {isa = PBXBuildFile; fileRef = 79459C7D14849C1200722163 /* MessageUI.framework */; };
		79459C851484CDB600722163 /* LogAWorkoutViewController.m in Sources */ = {isa = PBXBuildFile; fileRef = 79459C841484CDB600722163 /* LogAWorkoutViewController.m */; };
		79AA808B148317540026B9A2 /* EditExerciseInWorkoutViewController.m in Sources */ = {isa = PBXBuildFile; fileRef = 79AA808A148317540026B9A2 /* EditExerciseInWorkoutViewController.m */; };
/* End PBXBuildFile section */

/* Begin PBXFileReference section */
		791488D114880FBA000653DC /* camera.png */ = {isa = PBXFileReference; lastKnownFileType = image.png; path = camera.png; sourceTree = "<group>"; };
		791488D314881061000653DC /* camera.jpeg */ = {isa = PBXFileReference; lastKnownFileType = image.jpeg; path = camera.jpeg; sourceTree = "<group>"; };
		791488D914882576000653DC /* MobileCoreServices.framework */ = {isa = PBXFileReference; lastKnownFileType = wrapper.framework; name = MobileCoreServices.framework; path = System/Library/Frameworks/MobileCoreServices.framework; sourceTree = SDKROOT; };
		791488DF14888523000653DC /* GetSetForExerciseFromUserViewController.h */ = {isa = PBXFileReference; fileEncoding = 4; lastKnownFileType = sourcecode.c.h; path = GetSetForExerciseFromUserViewController.h; sourceTree = "<group>"; };
		791488E014888523000653DC /* GetSetForExerciseFromUserViewController.m */ = {isa = PBXFileReference; fileEncoding = 4; lastKnownFileType = sourcecode.c.objc; path = GetSetForExerciseFromUserViewController.m; sourceTree = "<group>"; };
		791488EA1489642A000653DC /* ActualWorkout+Create.h */ = {isa = PBXFileReference; fileEncoding = 4; lastKnownFileType = sourcecode.c.h; path = "ActualWorkout+Create.h"; sourceTree = "<group>"; };
		791488EB1489642A000653DC /* ActualWorkout+Create.m */ = {isa = PBXFileReference; fileEncoding = 4; lastKnownFileType = sourcecode.c.objc; path = "ActualWorkout+Create.m"; sourceTree = "<group>"; };
		791489171489F340000653DC /* Set.h */ = {isa = PBXFileReference; fileEncoding = 4; lastKnownFileType = sourcecode.c.h; path = Set.h; sourceTree = "<group>"; };
		791489181489F340000653DC /* Set.m */ = {isa = PBXFileReference; fileEncoding = 4; lastKnownFileType = sourcecode.c.objc; path = Set.m; sourceTree = "<group>"; };
		7914891A1489F340000653DC /* ActualWorkout.h */ = {isa = PBXFileReference; fileEncoding = 4; lastKnownFileType = sourcecode.c.h; path = ActualWorkout.h; sourceTree = "<group>"; };
		7914891B1489F340000653DC /* ActualWorkout.m */ = {isa = PBXFileReference; fileEncoding = 4; lastKnownFileType = sourcecode.c.objc; path = ActualWorkout.m; sourceTree = "<group>"; };
		7914891D1489F341000653DC /* Workout.h */ = {isa = PBXFileReference; fileEncoding = 4; lastKnownFileType = sourcecode.c.h; path = Workout.h; sourceTree = "<group>"; };
		7914891E1489F341000653DC /* Workout.m */ = {isa = PBXFileReference; fileEncoding = 4; lastKnownFileType = sourcecode.c.objc; path = Workout.m; sourceTree = "<group>"; };
		791489201489F341000653DC /* ImageForWorkout.h */ = {isa = PBXFileReference; fileEncoding = 4; lastKnownFileType = sourcecode.c.h; path = ImageForWorkout.h; sourceTree = "<group>"; };
		791489211489F341000653DC /* ImageForWorkout.m */ = {isa = PBXFileReference; fileEncoding = 4; lastKnownFileType = sourcecode.c.objc; path = ImageForWorkout.m; sourceTree = "<group>"; };
		791489231489F341000653DC /* Exercise.h */ = {isa = PBXFileReference; fileEncoding = 4; lastKnownFileType = sourcecode.c.h; path = Exercise.h; sourceTree = "<group>"; };
		791489241489F341000653DC /* Exercise.m */ = {isa = PBXFileReference; fileEncoding = 4; lastKnownFileType = sourcecode.c.objc; path = Exercise.m; sourceTree = "<group>"; };
		79148931148C1702000653DC /* ChooseExerciseToViewPerformanceViewController.h */ = {isa = PBXFileReference; fileEncoding = 4; lastKnownFileType = sourcecode.c.h; path = ChooseExerciseToViewPerformanceViewController.h; sourceTree = "<group>"; };
		79148932148C1702000653DC /* ChooseExerciseToViewPerformanceViewController.m */ = {isa = PBXFileReference; fileEncoding = 4; lastKnownFileType = sourcecode.c.objc; path = ChooseExerciseToViewPerformanceViewController.m; sourceTree = "<group>"; };
		79148934148C18B2000653DC /* PlotPerformance.h */ = {isa = PBXFileReference; fileEncoding = 4; lastKnownFileType = sourcecode.c.h; path = PlotPerformance.h; sourceTree = "<group>"; };
		79148935148C18B3000653DC /* PlotPerformance.m */ = {isa = PBXFileReference; fileEncoding = 4; lastKnownFileType = sourcecode.c.objc; path = PlotPerformance.m; sourceTree = "<group>"; };
		79148941148C1C0B000653DC /* GraphView.h */ = {isa = PBXFileReference; fileEncoding = 4; lastKnownFileType = sourcecode.c.h; path = GraphView.h; sourceTree = "<group>"; };
		79148942148C1C0C000653DC /* GraphView.m */ = {isa = PBXFileReference; fileEncoding = 4; lastKnownFileType = sourcecode.c.objc; path = GraphView.m; sourceTree = "<group>"; };
		79148944148C2826000653DC /* graphBackground.png */ = {isa = PBXFileReference; lastKnownFileType = image.png; path = graphBackground.png; sourceTree = "<group>"; };
		7914894E148D3946000653DC /* ActualWorkout+Performance.h */ = {isa = PBXFileReference; fileEncoding = 4; lastKnownFileType = sourcecode.c.h; path = "ActualWorkout+Performance.h"; sourceTree = "<group>"; };
		7914894F148D3947000653DC /* ActualWorkout+Performance.m */ = {isa = PBXFileReference; fileEncoding = 4; lastKnownFileType = sourcecode.c.objc; path = "ActualWorkout+Performance.m"; sourceTree = "<group>"; };
		79376B9D147B7E540059579A /* WorkoutPlanner.app */ = {isa = PBXFileReference; explicitFileType = wrapper.application; includeInIndex = 0; path = WorkoutPlanner.app; sourceTree = BUILT_PRODUCTS_DIR; };
		79376BA1147B7E540059579A /* UIKit.framework */ = {isa = PBXFileReference; lastKnownFileType = wrapper.framework; name = UIKit.framework; path = System/Library/Frameworks/UIKit.framework; sourceTree = SDKROOT; };
		79376BA3147B7E540059579A /* Foundation.framework */ = {isa = PBXFileReference; lastKnownFileType = wrapper.framework; name = Foundation.framework; path = System/Library/Frameworks/Foundation.framework; sourceTree = SDKROOT; };
		79376BA5147B7E540059579A /* CoreGraphics.framework */ = {isa = PBXFileReference; lastKnownFileType = wrapper.framework; name = CoreGraphics.framework; path = System/Library/Frameworks/CoreGraphics.framework; sourceTree = SDKROOT; };
		79376BA9147B7E540059579A /* WorkoutPlanner-Info.plist */ = {isa = PBXFileReference; lastKnownFileType = text.plist.xml; path = "WorkoutPlanner-Info.plist"; sourceTree = "<group>"; };
		79376BAB147B7E540059579A /* en */ = {isa = PBXFileReference; lastKnownFileType = text.plist.strings; name = en; path = en.lproj/InfoPlist.strings; sourceTree = "<group>"; };
		79376BAD147B7E540059579A /* main.m */ = {isa = PBXFileReference; lastKnownFileType = sourcecode.c.objc; path = main.m; sourceTree = "<group>"; };
		79376BAF147B7E540059579A /* WorkoutPlanner-Prefix.pch */ = {isa = PBXFileReference; lastKnownFileType = sourcecode.c.h; path = "WorkoutPlanner-Prefix.pch"; sourceTree = "<group>"; };
		79376BB0147B7E540059579A /* WorkoutPlannerAppDelegate.h */ = {isa = PBXFileReference; lastKnownFileType = sourcecode.c.h; path = WorkoutPlannerAppDelegate.h; sourceTree = "<group>"; };
		79376BB1147B7E540059579A /* WorkoutPlannerAppDelegate.m */ = {isa = PBXFileReference; lastKnownFileType = sourcecode.c.objc; path = WorkoutPlannerAppDelegate.m; sourceTree = "<group>"; };
		79376BB4147B7E540059579A /* en */ = {isa = PBXFileReference; lastKnownFileType = file.storyboard; name = en; path = en.lproj/MainStoryboard.storyboard; sourceTree = "<group>"; };
		79376BBF147B7E760059579A /* Model.xcdatamodel */ = {isa = PBXFileReference; lastKnownFileType = wrapper.xcdatamodel; path = Model.xcdatamodel; sourceTree = "<group>"; };
		79376BC1147CA7710059579A /* WorkoutViewController.h */ = {isa = PBXFileReference; fileEncoding = 4; lastKnownFileType = sourcecode.c.h; name = WorkoutViewController.h; path = ../WorkoutViewController.h; sourceTree = "<group>"; };
		79376BC2147CA7710059579A /* WorkoutViewController.m */ = {isa = PBXFileReference; fileEncoding = 4; lastKnownFileType = sourcecode.c.objc; name = WorkoutViewController.m; path = ../WorkoutViewController.m; sourceTree = "<group>"; };
		79376BE6147CAFE90059579A /* Workout+Create.h */ = {isa = PBXFileReference; fileEncoding = 4; lastKnownFileType = sourcecode.c.h; path = "Workout+Create.h"; sourceTree = "<group>"; };
		79376BE7147CAFE90059579A /* Workout+Create.m */ = {isa = PBXFileReference; fileEncoding = 4; lastKnownFileType = sourcecode.c.objc; path = "Workout+Create.m"; sourceTree = "<group>"; };
		79376BE9147CB0D50059579A /* WorkoutHelper.h */ = {isa = PBXFileReference; fileEncoding = 4; lastKnownFileType = sourcecode.c.h; path = WorkoutHelper.h; sourceTree = "<group>"; };
		79376BEA147CB0D50059579A /* WorkoutHelper.m */ = {isa = PBXFileReference; fileEncoding = 4; lastKnownFileType = sourcecode.c.objc; path = WorkoutHelper.m; sourceTree = "<group>"; };
		79376BEC147CB4190059579A /* CoreData.framework */ = {isa = PBXFileReference; lastKnownFileType = wrapper.framework; name = CoreData.framework; path = System/Library/Frameworks/CoreData.framework; sourceTree = SDKROOT; };
		79376BF9147CBFA00059579A /* Exercise+Create.h */ = {isa = PBXFileReference; fileEncoding = 4; lastKnownFileType = sourcecode.c.h; path = "Exercise+Create.h"; sourceTree = "<group>"; };
		79376BFA147CBFA10059579A /* Exercise+Create.m */ = {isa = PBXFileReference; fileEncoding = 4; lastKnownFileType = sourcecode.c.objc; path = "Exercise+Create.m"; sourceTree = "<group>"; };
		79376C82147E11020059579A /* CoreDataTableViewController.h */ = {isa = PBXFileReference; fileEncoding = 4; lastKnownFileType = sourcecode.c.h; path = CoreDataTableViewController.h; sourceTree = "<group>"; };
		79376C83147E11030059579A /* CoreDataTableViewController.m */ = {isa = PBXFileReference; fileEncoding = 4; lastKnownFileType = sourcecode.c.objc; path = CoreDataTableViewController.m; sourceTree = "<group>"; };
		79376C88147EC9680059579A /* ShowExistingExercisesViewController.h */ = {isa = PBXFileReference; fileEncoding = 4; lastKnownFileType = sourcecode.c.h; path = ShowExistingExercisesViewController.h; sourceTree = "<group>"; };
		79376C89147EC9680059579A /* ShowExistingExercisesViewController.m */ = {isa = PBXFileReference; fileEncoding = 4; lastKnownFileType = sourcecode.c.objc; path = ShowExistingExercisesViewController.m; sourceTree = "<group>"; };
		79376C8B147F1F7B0059579A /* CustomButton.h */ = {isa = PBXFileReference; fileEncoding = 4; lastKnownFileType = sourcecode.c.h; name = CustomButton.h; path = helperClasses/CustomButton.h; sourceTree = "<group>"; };
		79376C8C147F1F7B0059579A /* CustomButton.m */ = {isa = PBXFileReference; fileEncoding = 4; lastKnownFileType = sourcecode.c.objc; name = CustomButton.m; path = helperClasses/CustomButton.m; sourceTree = "<group>"; };
		79376C8F147F229E0059579A /* create.jpeg */ = {isa = PBXFileReference; lastKnownFileType = image.jpeg; path = create.jpeg; sourceTree = "<group>"; };
		79376C94147F38100059579A /* AddNewExerciseViewController.h */ = {isa = PBXFileReference; fileEncoding = 4; lastKnownFileType = sourcecode.c.h; path = AddNewExerciseViewController.h; sourceTree = "<group>"; };
		79376C95147F38100059579A /* AddNewExerciseViewController.m */ = {isa = PBXFileReference; fileEncoding = 4; lastKnownFileType = sourcecode.c.objc; path = AddNewExerciseViewController.m; sourceTree = "<group>"; };
		79376CA1148011E80059579A /* minusImage.png */ = {isa = PBXFileReference; lastKnownFileType = image.png; path = minusImage.png; sourceTree = "<group>"; };
		79376CA5148013980059579A /* addImage.png */ = {isa = PBXFileReference; lastKnownFileType = image.png; path = addImage.png; sourceTree = "<group>"; };
		79376CAB148060CF0059579A /* AddNewWorkoutViewController.h */ = {isa = PBXFileReference; fileEncoding = 4; lastKnownFileType = sourcecode.c.h; path = AddNewWorkoutViewController.h; sourceTree = "<group>"; };
		79376CAC148060CF0059579A /* AddNewWorkoutViewController.m */ = {isa = PBXFileReference; fileEncoding = 4; lastKnownFileType = sourcecode.c.objc; path = AddNewWorkoutViewController.m; sourceTree = "<group>"; };
		79376CAE148071560059579A /* Set+Create.h */ = {isa = PBXFileReference; fileEncoding = 4; lastKnownFileType = sourcecode.c.h; path = "Set+Create.h"; sourceTree = "<group>"; };
		79376CAF148071570059579A /* Set+Create.m */ = {isa = PBXFileReference; fileEncoding = 4; lastKnownFileType = sourcecode.c.objc; path = "Set+Create.m"; sourceTree = "<group>"; };
		79376CF91480A95F0059579A /* Workout+Delete.h */ = {isa = PBXFileReference; fileEncoding = 4; lastKnownFileType = sourcecode.c.h; path = "Workout+Delete.h"; sourceTree = "<group>"; };
		79376CFA1480A9600059579A /* Workout+Delete.m */ = {isa = PBXFileReference; fileEncoding = 4; lastKnownFileType = sourcecode.c.objc; path = "Workout+Delete.m"; sourceTree = "<group>"; };
		79376CFC148174380059579A /* ShowExistingWorkout.h */ = {isa = PBXFileReference; fileEncoding = 4; lastKnownFileType = sourcecode.c.h; path = ShowExistingWorkout.h; sourceTree = "<group>"; };
		79376CFD1481743B0059579A /* ShowExistingWorkout.m */ = {isa = PBXFileReference; fileEncoding = 4; lastKnownFileType = sourcecode.c.objc; path = ShowExistingWorkout.m; sourceTree = "<group>"; };
		79376D0214819E430059579A /* Exercise+Details.h */ = {isa = PBXFileReference; fileEncoding = 4; lastKnownFileType = sourcecode.c.h; path = "Exercise+Details.h"; sourceTree = "<group>"; };
		79376D0314819E430059579A /* Exercise+Details.m */ = {isa = PBXFileReference; fileEncoding = 4; lastKnownFileType = sourcecode.c.objc; path = "Exercise+Details.m"; sourceTree = "<group>"; };
		79376D051481B2C30059579A /* Set+Details.h */ = {isa = PBXFileReference; fileEncoding = 4; lastKnownFileType = sourcecode.c.h; path = "Set+Details.h"; sourceTree = "<group>"; };
		79376D061481B2C40059579A /* Set+Details.m */ = {isa = PBXFileReference; fileEncoding = 4; lastKnownFileType = sourcecode.c.objc; path = "Set+Details.m"; sourceTree = "<group>"; };
		79376D2014820C810059579A /* ShowExerciseInWorkout.h */ = {isa = PBXFileReference; fileEncoding = 4; lastKnownFileType = sourcecode.c.h; path = ShowExerciseInWorkout.h; sourceTree = "<group>"; };
		79376D2114820C820059579A /* ShowExerciseInWorkout.m */ = {isa = PBXFileReference; fileEncoding = 4; lastKnownFileType = sourcecode.c.objc; path = ShowExerciseInWorkout.m; sourceTree = "<group>"; };
		79459C7914848E7400722163 /* Workout+Edit.h */ = {isa = PBXFileReference; fileEncoding = 4; lastKnownFileType = sourcecode.c.h; path = "Workout+Edit.h"; sourceTree = "<group>"; };
		79459C7A14848E7400722163 /* Workout+Edit.m */ = {isa = PBXFileReference; fileEncoding = 4; lastKnownFileType = sourcecode.c.objc; path = "Workout+Edit.m"; sourceTree = "<group>"; };
		79459C7D14849C1200722163 /* MessageUI.framework */ = {isa = PBXFileReference; lastKnownFileType = wrapper.framework; name = MessageUI.framework; path = System/Library/Frameworks/MessageUI.framework; sourceTree = SDKROOT; };
		79459C831484CDB600722163 /* LogAWorkoutViewController.h */ = {isa = PBXFileReference; fileEncoding = 4; lastKnownFileType = sourcecode.c.h; path = LogAWorkoutViewController.h; sourceTree = "<group>"; };
		79459C841484CDB600722163 /* LogAWorkoutViewController.m */ = {isa = PBXFileReference; fileEncoding = 4; lastKnownFileType = sourcecode.c.objc; path = LogAWorkoutViewController.m; sourceTree = "<group>"; };
		79AA8089148317540026B9A2 /* EditExerciseInWorkoutViewController.h */ = {isa = PBXFileReference; fileEncoding = 4; lastKnownFileType = sourcecode.c.h; path = EditExerciseInWorkoutViewController.h; sourceTree = "<group>"; };
		79AA808A148317540026B9A2 /* EditExerciseInWorkoutViewController.m */ = {isa = PBXFileReference; fileEncoding = 4; lastKnownFileType = sourcecode.c.objc; path = EditExerciseInWorkoutViewController.m; sourceTree = "<group>"; };
/* End PBXFileReference section */

/* Begin PBXFrameworksBuildPhase section */
		79376B9A147B7E540059579A /* Frameworks */ = {
			isa = PBXFrameworksBuildPhase;
			buildActionMask = 2147483647;
			files = (
				791488DA14882576000653DC /* MobileCoreServices.framework in Frameworks */,
				79459C7E14849C1200722163 /* MessageUI.framework in Frameworks */,
				79376BED147CB4190059579A /* CoreData.framework in Frameworks */,
				79376BA2147B7E540059579A /* UIKit.framework in Frameworks */,
				79376BA4147B7E540059579A /* Foundation.framework in Frameworks */,
				79376BA6147B7E540059579A /* CoreGraphics.framework in Frameworks */,
			);
			runOnlyForDeploymentPostprocessing = 0;
		};
/* End PBXFrameworksBuildPhase section */

/* Begin PBXGroup section */
		79376B92147B7E540059579A = {
			isa = PBXGroup;
			children = (
				791488D914882576000653DC /* MobileCoreServices.framework */,
				79459C7D14849C1200722163 /* MessageUI.framework */,
				79376BEC147CB4190059579A /* CoreData.framework */,
				79376BA7147B7E540059579A /* WorkoutPlanner */,
				79376BA0147B7E540059579A /* Frameworks */,
				79376B9E147B7E540059579A /* Products */,
			);
			sourceTree = "<group>";
		};
		79376B9E147B7E540059579A /* Products */ = {
			isa = PBXGroup;
			children = (
				79376B9D147B7E540059579A /* WorkoutPlanner.app */,
			);
			name = Products;
			sourceTree = "<group>";
		};
		79376BA0147B7E540059579A /* Frameworks */ = {
			isa = PBXGroup;
			children = (
				79376BA1147B7E540059579A /* UIKit.framework */,
				79376BA3147B7E540059579A /* Foundation.framework */,
				79376BA5147B7E540059579A /* CoreGraphics.framework */,
			);
			name = Frameworks;
			sourceTree = "<group>";
		};
		79376BA7147B7E540059579A /* WorkoutPlanner */ = {
			isa = PBXGroup;
			children = (
				79376C8E147F1FC30059579A /* helperClasses */,
				79376BC8147CAF1F0059579A /* CoreData */,
				79376BC7147CAF0E0059579A /* workout */,
				79376BB0147B7E540059579A /* WorkoutPlannerAppDelegate.h */,
				79376C82147E11020059579A /* CoreDataTableViewController.h */,
				79376C83147E11030059579A /* CoreDataTableViewController.m */,
				79376BB1147B7E540059579A /* WorkoutPlannerAppDelegate.m */,
				79376BB3147B7E540059579A /* MainStoryboard.storyboard */,
				79376BBE147B7E760059579A /* Model.xcdatamodeld */,
				79376BA8147B7E540059579A /* Supporting Files */,
			);
			path = WorkoutPlanner;
			sourceTree = "<group>";
		};
		79376BA8147B7E540059579A /* Supporting Files */ = {
			isa = PBXGroup;
			children = (
				79376BA9147B7E540059579A /* WorkoutPlanner-Info.plist */,
				79376BAA147B7E540059579A /* InfoPlist.strings */,
				79376BAD147B7E540059579A /* main.m */,
				79376BAF147B7E540059579A /* WorkoutPlanner-Prefix.pch */,
			);
			name = "Supporting Files";
			sourceTree = "<group>";
		};
		79376BC7147CAF0E0059579A /* workout */ = {
			isa = PBXGroup;
			children = (
				79148941148C1C0B000653DC /* GraphView.h */,
				79148942148C1C0C000653DC /* GraphView.m */,
				79148934148C18B2000653DC /* PlotPerformance.h */,
				79148935148C18B3000653DC /* PlotPerformance.m */,
				79148931148C1702000653DC /* ChooseExerciseToViewPerformanceViewController.h */,
				79148932148C1702000653DC /* ChooseExerciseToViewPerformanceViewController.m */,
				79459C831484CDB600722163 /* LogAWorkoutViewController.h */,
				79459C841484CDB600722163 /* LogAWorkoutViewController.m */,
				79376D2014820C810059579A /* ShowExerciseInWorkout.h */,
				79376D2114820C820059579A /* ShowExerciseInWorkout.m */,
				79376BC1147CA7710059579A /* WorkoutViewController.h */,
				79376BC2147CA7710059579A /* WorkoutViewController.m */,
				79376CFC148174380059579A /* ShowExistingWorkout.h */,
				79376CFD1481743B0059579A /* ShowExistingWorkout.m */,
				79376CAB148060CF0059579A /* AddNewWorkoutViewController.h */,
				79376CAC148060CF0059579A /* AddNewWorkoutViewController.m */,
				79376C94147F38100059579A /* AddNewExerciseViewController.h */,
				79376C95147F38100059579A /* AddNewExerciseViewController.m */,
				79376C88147EC9680059579A /* ShowExistingExercisesViewController.h */,
				79376C89147EC9680059579A /* ShowExistingExercisesViewController.m */,
				79AA8089148317540026B9A2 /* EditExerciseInWorkoutViewController.h */,
				79AA808A148317540026B9A2 /* EditExerciseInWorkoutViewController.m */,
				791488DF14888523000653DC /* GetSetForExerciseFromUserViewController.h */,
				791488E014888523000653DC /* GetSetForExerciseFromUserViewController.m */,
			);
			name = workout;
			sourceTree = "<group>";
		};
		79376BC8147CAF1F0059579A /* CoreData */ = {
			isa = PBXGroup;
			children = (
				79376BE5147CAFAC0059579A /* categories */,
				79376BE4147CAF960059579A /* models */,
			);
			name = CoreData;
			sourceTree = "<group>";
		};
		79376BE4147CAF960059579A /* models */ = {
			isa = PBXGroup;
			children = (
				791489231489F341000653DC /* Exercise.h */,
				791489241489F341000653DC /* Exercise.m */,
				791489201489F341000653DC /* ImageForWorkout.h */,
				791489211489F341000653DC /* ImageForWorkout.m */,
				7914891D1489F341000653DC /* Workout.h */,
				7914891E1489F341000653DC /* Workout.m */,
				7914891A1489F340000653DC /* ActualWorkout.h */,
				7914891B1489F340000653DC /* ActualWorkout.m */,
				791489171489F340000653DC /* Set.h */,
				791489181489F340000653DC /* Set.m */,
			);
			name = models;
			sourceTree = "<group>";
		};
		79376BE5147CAFAC0059579A /* categories */ = {
			isa = PBXGroup;
			children = (
				79376CAE148071560059579A /* Set+Create.h */,
				79376CAF148071570059579A /* Set+Create.m */,
				79376BE6147CAFE90059579A /* Workout+Create.h */,
				79376BE7147CAFE90059579A /* Workout+Create.m */,
				79376BF9147CBFA00059579A /* Exercise+Create.h */,
				79376BFA147CBFA10059579A /* Exercise+Create.m */,
				79376CF91480A95F0059579A /* Workout+Delete.h */,
				79376CFA1480A9600059579A /* Workout+Delete.m */,
				79376D0214819E430059579A /* Exercise+Details.h */,
				79376D0314819E430059579A /* Exercise+Details.m */,
				79376D051481B2C30059579A /* Set+Details.h */,
				79376D061481B2C40059579A /* Set+Details.m */,
				79459C7914848E7400722163 /* Workout+Edit.h */,
				79459C7A14848E7400722163 /* Workout+Edit.m */,
				791488EA1489642A000653DC /* ActualWorkout+Create.h */,
				791488EB1489642A000653DC /* ActualWorkout+Create.m */,
				7914894E148D3946000653DC /* ActualWorkout+Performance.h */,
				7914894F148D3947000653DC /* ActualWorkout+Performance.m */,
			);
			name = categories;
			sourceTree = "<group>";
		};
		79376C8E147F1FC30059579A /* helperClasses */ = {
			isa = PBXGroup;
			children = (
				79376C8C147F1F7B0059579A /* CustomButton.m */,
				79376CA1148011E80059579A /* minusImage.png */,
				79376CA5148013980059579A /* addImage.png */,
				791488D114880FBA000653DC /* camera.png */,
				79148944148C2826000653DC /* graphBackground.png */,
				791488D314881061000653DC /* camera.jpeg */,
				79376BE9147CB0D50059579A /* WorkoutHelper.h */,
				79376BEA147CB0D50059579A /* WorkoutHelper.m */,
				79376C8F147F229E0059579A /* create.jpeg */,
				79376C8B147F1F7B0059579A /* CustomButton.h */,
			);
			name = helperClasses;
			sourceTree = "<group>";
		};
/* End PBXGroup section */

/* Begin PBXNativeTarget section */
		79376B9C147B7E540059579A /* WorkoutPlanner */ = {
			isa = PBXNativeTarget;
			buildConfigurationList = 79376BBB147B7E540059579A /* Build configuration list for PBXNativeTarget "WorkoutPlanner" */;
			buildPhases = (
				79376B99147B7E540059579A /* Sources */,
				79376B9A147B7E540059579A /* Frameworks */,
				79376B9B147B7E540059579A /* Resources */,
			);
			buildRules = (
			);
			dependencies = (
			);
			name = WorkoutPlanner;
			productName = WorkoutPlanner;
			productReference = 79376B9D147B7E540059579A /* WorkoutPlanner.app */;
			productType = "com.apple.product-type.application";
		};
/* End PBXNativeTarget section */

/* Begin PBXProject section */
		79376B94147B7E540059579A /* Project object */ = {
			isa = PBXProject;
			attributes = {
				LastUpgradeCheck = 0420;
				ORGANIZATIONNAME = "Stanford ";
			};
			buildConfigurationList = 79376B97147B7E540059579A /* Build configuration list for PBXProject "WorkoutPlanner" */;
			compatibilityVersion = "Xcode 3.2";
			developmentRegion = English;
			hasScannedForEncodings = 0;
			knownRegions = (
				en,
			);
			mainGroup = 79376B92147B7E540059579A;
			productRefGroup = 79376B9E147B7E540059579A /* Products */;
			projectDirPath = "";
			projectRoot = "";
			targets = (
				79376B9C147B7E540059579A /* WorkoutPlanner */,
			);
		};
/* End PBXProject section */

/* Begin PBXResourcesBuildPhase section */
		79376B9B147B7E540059579A /* Resources */ = {
			isa = PBXResourcesBuildPhase;
			buildActionMask = 2147483647;
			files = (
				79376BAC147B7E540059579A /* InfoPlist.strings in Resources */,
				79376BB5147B7E540059579A /* MainStoryboard.storyboard in Resources */,
				79376C90147F229E0059579A /* create.jpeg in Resources */,
				79376CA2148011E80059579A /* minusImage.png in Resources */,
				79376CA6148013980059579A /* addImage.png in Resources */,
				791488D214880FBA000653DC /* camera.png in Resources */,
				791488D414881061000653DC /* camera.jpeg in Resources */,
				79148945148C2826000653DC /* graphBackground.png in Resources */,
			);
			runOnlyForDeploymentPostprocessing = 0;
		};
/* End PBXResourcesBuildPhase section */

/* Begin PBXSourcesBuildPhase section */
		79376B99147B7E540059579A /* Sources */ = {
			isa = PBXSourcesBuildPhase;
			buildActionMask = 2147483647;
			files = (
				79376BAE147B7E540059579A /* main.m in Sources */,
				79376BB2147B7E540059579A /* WorkoutPlannerAppDelegate.m in Sources */,
				79376BC0147B7E760059579A /* Model.xcdatamodeld in Sources */,
				79376BC3147CA7710059579A /* WorkoutViewController.m in Sources */,
				79376BE8147CAFE90059579A /* Workout+Create.m in Sources */,
				79376BEB147CB0D50059579A /* WorkoutHelper.m in Sources */,
				79376BFB147CBFA10059579A /* Exercise+Create.m in Sources */,
				79376C84147E11030059579A /* CoreDataTableViewController.m in Sources */,
				79376C8A147EC9680059579A /* ShowExistingExercisesViewController.m in Sources */,
				79376C8D147F1F7B0059579A /* CustomButton.m in Sources */,
				79376C96147F38110059579A /* AddNewExerciseViewController.m in Sources */,
				79376CAD148060CF0059579A /* AddNewWorkoutViewController.m in Sources */,
				79376CB0148071580059579A /* Set+Create.m in Sources */,
				79376CFB1480A9600059579A /* Workout+Delete.m in Sources */,
				79376CFE1481743D0059579A /* ShowExistingWorkout.m in Sources */,
				79376D0414819E440059579A /* Exercise+Details.m in Sources */,
				79376D071481B2C50059579A /* Set+Details.m in Sources */,
				79376D2214820C820059579A /* ShowExerciseInWorkout.m in Sources */,
				79AA808B148317540026B9A2 /* EditExerciseInWorkoutViewController.m in Sources */,
				79459C7B14848E7400722163 /* Workout+Edit.m in Sources */,
				79459C851484CDB600722163 /* LogAWorkoutViewController.m in Sources */,
				791488E114888523000653DC /* GetSetForExerciseFromUserViewController.m in Sources */,
				791488EC1489642B000653DC /* ActualWorkout+Create.m in Sources */,
				791489191489F340000653DC /* Set.m in Sources */,
				7914891C1489F341000653DC /* ActualWorkout.m in Sources */,
				7914891F1489F341000653DC /* Workout.m in Sources */,
				791489221489F341000653DC /* ImageForWorkout.m in Sources */,
				791489251489F341000653DC /* Exercise.m in Sources */,
				79148933148C1703000653DC /* ChooseExerciseToViewPerformanceViewController.m in Sources */,
				79148936148C18B4000653DC /* PlotPerformance.m in Sources */,
				79148943148C1C0D000653DC /* GraphView.m in Sources */,
				79148950148D3948000653DC /* ActualWorkout+Performance.m in Sources */,
			);
			runOnlyForDeploymentPostprocessing = 0;
		};
/* End PBXSourcesBuildPhase section */

/* Begin PBXVariantGroup section */
		79376BAA147B7E540059579A /* InfoPlist.strings */ = {
			isa = PBXVariantGroup;
			children = (
				79376BAB147B7E540059579A /* en */,
			);
			name = InfoPlist.strings;
			sourceTree = "<group>";
		};
		79376BB3147B7E540059579A /* MainStoryboard.storyboard */ = {
			isa = PBXVariantGroup;
			children = (
				79376BB4147B7E540059579A /* en */,
			);
			name = MainStoryboard.storyboard;
			sourceTree = "<group>";
		};
/* End PBXVariantGroup section */

/* Begin XCBuildConfiguration section */
		79376BB9147B7E540059579A /* Debug */ = {
			isa = XCBuildConfiguration;
			buildSettings = {
				ALWAYS_SEARCH_USER_PATHS = NO;
				ARCHS = "$(ARCHS_STANDARD_32_BIT)";
				CLANG_ENABLE_OBJC_ARC = YES;
				"CODE_SIGN_IDENTITY[sdk=iphoneos*]" = "iPhone Developer";
				COPY_PHASE_STRIP = NO;
				GCC_C_LANGUAGE_STANDARD = gnu99;
				GCC_DYNAMIC_NO_PIC = NO;
				GCC_OPTIMIZATION_LEVEL = 0;
				GCC_PREPROCESSOR_DEFINITIONS = (
					"DEBUG=1",
					"$(inherited)",
				);
				GCC_SYMBOLS_PRIVATE_EXTERN = NO;
				GCC_VERSION = com.apple.compilers.llvm.clang.1_0;
				GCC_WARN_ABOUT_MISSING_PROTOTYPES = YES;
				GCC_WARN_ABOUT_RETURN_TYPE = YES;
				GCC_WARN_UNUSED_VARIABLE = YES;
				IPHONEOS_DEPLOYMENT_TARGET = 5.0;
				SDKROOT = iphoneos;
			};
			name = Debug;
		};
		79376BBA147B7E540059579A /* Release */ = {
			isa = XCBuildConfiguration;
			buildSettings = {
				ALWAYS_SEARCH_USER_PATHS = NO;
				ARCHS = "$(ARCHS_STANDARD_32_BIT)";
				CLANG_ENABLE_OBJC_ARC = YES;
				"CODE_SIGN_IDENTITY[sdk=iphoneos*]" = "iPhone Developer";
				COPY_PHASE_STRIP = YES;
				GCC_C_LANGUAGE_STANDARD = gnu99;
				GCC_VERSION = com.apple.compilers.llvm.clang.1_0;
				GCC_WARN_ABOUT_MISSING_PROTOTYPES = YES;
				GCC_WARN_ABOUT_RETURN_TYPE = YES;
				GCC_WARN_UNUSED_VARIABLE = YES;
				IPHONEOS_DEPLOYMENT_TARGET = 5.0;
				OTHER_CFLAGS = "-DNS_BLOCK_ASSERTIONS=1";
				SDKROOT = iphoneos;
				VALIDATE_PRODUCT = YES;
			};
			name = Release;
		};
		79376BBC147B7E540059579A /* Debug */ = {
			isa = XCBuildConfiguration;
			buildSettings = {
				GCC_PRECOMPILE_PREFIX_HEADER = YES;
				GCC_PREFIX_HEADER = "WorkoutPlanner/WorkoutPlanner-Prefix.pch";
				INFOPLIST_FILE = "WorkoutPlanner/WorkoutPlanner-Info.plist";
				PRODUCT_NAME = "$(TARGET_NAME)";
				WRAPPER_EXTENSION = app;
			};
			name = Debug;
		};
		79376BBD147B7E540059579A /* Release */ = {
			isa = XCBuildConfiguration;
			buildSettings = {
				GCC_PRECOMPILE_PREFIX_HEADER = YES;
				GCC_PREFIX_HEADER = "WorkoutPlanner/WorkoutPlanner-Prefix.pch";
				INFOPLIST_FILE = "WorkoutPlanner/WorkoutPlanner-Info.plist";
				PRODUCT_NAME = "$(TARGET_NAME)";
				WRAPPER_EXTENSION = app;
			};
			name = Release;
		};
/* End XCBuildConfiguration section */

/* Begin XCConfigurationList section */
		79376B97147B7E540059579A /* Build configuration list for PBXProject "WorkoutPlanner" */ = {
			isa = XCConfigurationList;
			buildConfigurations = (
				79376BB9147B7E540059579A /* Debug */,
				79376BBA147B7E540059579A /* Release */,
			);
			defaultConfigurationIsVisible = 0;
			defaultConfigurationName = Release;
		};
		79376BBB147B7E540059579A /* Build configuration list for PBXNativeTarget "WorkoutPlanner" */ = {
			isa = XCConfigurationList;
			buildConfigurations = (
				79376BBC147B7E540059579A /* Debug */,
				79376BBD147B7E540059579A /* Release */,
			);
			defaultConfigurationIsVisible = 0;
			defaultConfigurationName = Release;
		};
/* End XCConfigurationList section */

/* Begin XCVersionGroup section */
		79376BBE147B7E760059579A /* Model.xcdatamodeld */ = {
			isa = XCVersionGroup;
			children = (
				79376BBF147B7E760059579A /* Model.xcdatamodel */,
			);
			currentVersion = 79376BBF147B7E760059579A /* Model.xcdatamodel */;
			path = Model.xcdatamodeld;
			sourceTree = "<group>";
			versionGroupType = wrapper.xcdatamodel;
		};
/* End XCVersionGroup section */
	};
	rootObject = 79376B94147B7E540059579A /* Project object */;
}
